// !$*UTF8*$!
{
	archiveVersion = 1;
	classes = {
	};
	objectVersion = 46;
	objects = {

/* Begin PBXBuildFile section */
		246DD1EC1DAEB5C800FA9198 /* farsa.c in Sources */ = {isa = PBXBuildFile; fileRef = 246DD1EA1DAEB5C800FA9198 /* farsa.c */; };
		246DD1EF1DAEB65C00FA9198 /* logloss.c in Sources */ = {isa = PBXBuildFile; fileRef = 246DD1ED1DAEB65C00FA9198 /* logloss.c */; };
/* End PBXBuildFile section */

/* Begin PBXCopyFilesBuildPhase section */
		246DD1D21DAEB49C00FA9198 /* CopyFiles */ = {
			isa = PBXCopyFilesBuildPhase;
			buildActionMask = 2147483647;
			dstPath = /usr/share/man/man1/;
			dstSubfolderSpec = 0;
			files = (
			);
			runOnlyForDeploymentPostprocessing = 1;
		};
/* End PBXCopyFilesBuildPhase section */

/* Begin PBXFileReference section */
		246DD1D41DAEB49C00FA9198 /* FaRSA */ = {isa = PBXFileReference; explicitFileType = "compiled.mach-o.executable"; includeInIndex = 0; path = FaRSA; sourceTree = BUILT_PRODUCTS_DIR; };
		246DD1EA1DAEB5C800FA9198 /* farsa.c */ = {isa = PBXFileReference; fileEncoding = 4; lastKnownFileType = sourcecode.c.c; path = farsa.c; sourceTree = "<group>"; };
		246DD1EB1DAEB5C800FA9198 /* farsa.h */ = {isa = PBXFileReference; fileEncoding = 4; lastKnownFileType = sourcecode.c.h; path = farsa.h; sourceTree = "<group>"; };
		246DD1ED1DAEB65C00FA9198 /* logloss.c */ = {isa = PBXFileReference; fileEncoding = 4; lastKnownFileType = sourcecode.c.c; path = logloss.c; sourceTree = "<group>"; };
		246DD1F01DAEB6D200FA9198 /* FaRSA.profile */ = {isa = PBXFileReference; fileEncoding = 4; lastKnownFileType = text; name = FaRSA.profile; path = FaRSA/FaRSA.profile; sourceTree = "<group>"; };
/* End PBXFileReference section */

/* Begin PBXFrameworksBuildPhase section */
		246DD1D11DAEB49C00FA9198 /* Frameworks */ = {
			isa = PBXFrameworksBuildPhase;
			buildActionMask = 2147483647;
			files = (
			);
			runOnlyForDeploymentPostprocessing = 0;
		};
/* End PBXFrameworksBuildPhase section */

/* Begin PBXGroup section */
		246DD1CB1DAEB49C00FA9198 = {
			isa = PBXGroup;
			children = (
				246DD1F01DAEB6D200FA9198 /* FaRSA.profile */,
				246DD1D61DAEB49C00FA9198 /* FaRSA */,
				246DD1D51DAEB49C00FA9198 /* Products */,
			);
			sourceTree = "<group>";
		};
		246DD1D51DAEB49C00FA9198 /* Products */ = {
			isa = PBXGroup;
			children = (
				246DD1D41DAEB49C00FA9198 /* FaRSA */,
			);
			name = Products;
			sourceTree = "<group>";
		};
		246DD1D61DAEB49C00FA9198 /* FaRSA */ = {
			isa = PBXGroup;
			children = (
				246DD1EA1DAEB5C800FA9198 /* farsa.c */,
				246DD1EB1DAEB5C800FA9198 /* farsa.h */,
				246DD1ED1DAEB65C00FA9198 /* logloss.c */,
			);
			path = FaRSA;
			sourceTree = "<group>";
		};
/* End PBXGroup section */

/* Begin PBXNativeTarget section */
		246DD1D31DAEB49C00FA9198 /* FaRSA */ = {
			isa = PBXNativeTarget;
			buildConfigurationList = 246DD1DB1DAEB49C00FA9198 /* Build configuration list for PBXNativeTarget "FaRSA" */;
			buildPhases = (
				246DD1D01DAEB49C00FA9198 /* Sources */,
				246DD1D11DAEB49C00FA9198 /* Frameworks */,
				246DD1D21DAEB49C00FA9198 /* CopyFiles */,
			);
			buildRules = (
			);
			dependencies = (
			);
			name = FaRSA;
			productName = FaRSA;
			productReference = 246DD1D41DAEB49C00FA9198 /* FaRSA */;
			productType = "com.apple.product-type.tool";
		};
/* End PBXNativeTarget section */

/* Begin PBXProject section */
		246DD1CC1DAEB49C00FA9198 /* Project object */ = {
			isa = PBXProject;
			attributes = {
				LastUpgradeCheck = 0610;
				ORGANIZATIONNAME = ChenTianyi;
				TargetAttributes = {
					246DD1D31DAEB49C00FA9198 = {
						CreatedOnToolsVersion = 6.1.1;
					};
				};
			};
			buildConfigurationList = 246DD1CF1DAEB49C00FA9198 /* Build configuration list for PBXProject "FaRSA" */;
			compatibilityVersion = "Xcode 3.2";
			developmentRegion = English;
			hasScannedForEncodings = 0;
			knownRegions = (
				en,
			);
			mainGroup = 246DD1CB1DAEB49C00FA9198;
			productRefGroup = 246DD1D51DAEB49C00FA9198 /* Products */;
			projectDirPath = "";
			projectRoot = "";
			targets = (
				246DD1D31DAEB49C00FA9198 /* FaRSA */,
			);
		};
/* End PBXProject section */

/* Begin PBXSourcesBuildPhase section */
		246DD1D01DAEB49C00FA9198 /* Sources */ = {
			isa = PBXSourcesBuildPhase;
			buildActionMask = 2147483647;
			files = (
				246DD1EC1DAEB5C800FA9198 /* farsa.c in Sources */,
				246DD1EF1DAEB65C00FA9198 /* logloss.c in Sources */,
			);
			runOnlyForDeploymentPostprocessing = 0;
		};
/* End PBXSourcesBuildPhase section */

/* Begin XCBuildConfiguration section */
		246DD1D91DAEB49C00FA9198 /* Debug */ = {
			isa = XCBuildConfiguration;
			buildSettings = {
				ALWAYS_SEARCH_USER_PATHS = NO;
				CLANG_CXX_LANGUAGE_STANDARD = "gnu++0x";
				CLANG_CXX_LIBRARY = "libc++";
				CLANG_ENABLE_MODULES = YES;
				CLANG_ENABLE_OBJC_ARC = YES;
				CLANG_WARN_BOOL_CONVERSION = YES;
				CLANG_WARN_CONSTANT_CONVERSION = YES;
				CLANG_WARN_DIRECT_OBJC_ISA_USAGE = YES_ERROR;
				CLANG_WARN_EMPTY_BODY = YES;
				CLANG_WARN_ENUM_CONVERSION = YES;
				CLANG_WARN_INT_CONVERSION = YES;
				CLANG_WARN_OBJC_ROOT_CLASS = YES_ERROR;
				CLANG_WARN_UNREACHABLE_CODE = YES;
				CLANG_WARN__DUPLICATE_METHOD_MATCH = YES;
				COPY_PHASE_STRIP = NO;
				ENABLE_STRICT_OBJC_MSGSEND = YES;
				GCC_C_LANGUAGE_STANDARD = gnu99;
				GCC_DYNAMIC_NO_PIC = NO;
				GCC_OPTIMIZATION_LEVEL = 0;
				GCC_PREPROCESSOR_DEFINITIONS = (
					"DEBUG=1",
					"$(inherited)",
				);
				GCC_SYMBOLS_PRIVATE_EXTERN = NO;
				GCC_WARN_64_TO_32_BIT_CONVERSION = YES;
				GCC_WARN_ABOUT_RETURN_TYPE = YES_ERROR;
				GCC_WARN_UNDECLARED_SELECTOR = YES;
				GCC_WARN_UNINITIALIZED_AUTOS = YES_AGGRESSIVE;
				GCC_WARN_UNUSED_FUNCTION = YES;
				GCC_WARN_UNUSED_VARIABLE = YES;
				MACOSX_DEPLOYMENT_TARGET = 10.10;
				MTL_ENABLE_DEBUG_INFO = YES;
				ONLY_ACTIVE_ARCH = YES;
				SDKROOT = macosx;
			};
			name = Debug;
		};
		246DD1DA1DAEB49C00FA9198 /* Release */ = {
			isa = XCBuildConfiguration;
			buildSettings = {
				ALWAYS_SEARCH_USER_PATHS = NO;
				CLANG_CXX_LANGUAGE_STANDARD = "gnu++0x";
				CLANG_CXX_LIBRARY = "libc++";
				CLANG_ENABLE_MODULES = YES;
				CLANG_ENABLE_OBJC_ARC = YES;
				CLANG_WARN_BOOL_CONVERSION = YES;
				CLANG_WARN_CONSTANT_CONVERSION = YES;
				CLANG_WARN_DIRECT_OBJC_ISA_USAGE = YES_ERROR;
				CLANG_WARN_EMPTY_BODY = YES;
				CLANG_WARN_ENUM_CONVERSION = YES;
				CLANG_WARN_INT_CONVERSION = YES;
				CLANG_WARN_OBJC_ROOT_CLASS = YES_ERROR;
				CLANG_WARN_UNREACHABLE_CODE = YES;
				CLANG_WARN__DUPLICATE_METHOD_MATCH = YES;
				COPY_PHASE_STRIP = YES;
				DEBUG_INFORMATION_FORMAT = "dwarf-with-dsym";
				ENABLE_NS_ASSERTIONS = NO;
				ENABLE_STRICT_OBJC_MSGSEND = YES;
				GCC_C_LANGUAGE_STANDARD = gnu99;
				GCC_WARN_64_TO_32_BIT_CONVERSION = YES;
				GCC_WARN_ABOUT_RETURN_TYPE = YES_ERROR;
				GCC_WARN_UNDECLARED_SELECTOR = YES;
				GCC_WARN_UNINITIALIZED_AUTOS = YES_AGGRESSIVE;
				GCC_WARN_UNUSED_FUNCTION = YES;
				GCC_WARN_UNUSED_VARIABLE = YES;
				MACOSX_DEPLOYMENT_TARGET = 10.10;
				MTL_ENABLE_DEBUG_INFO = NO;
				SDKROOT = macosx;
			};
			name = Release;
		};
		246DD1DC1DAEB49C00FA9198 /* Debug */ = {
			isa = XCBuildConfiguration;
			buildSettings = {
				PRODUCT_NAME = "$(TARGET_NAME)";
			};
			name = Debug;
		};
		246DD1DD1DAEB49C00FA9198 /* Release */ = {
			isa = XCBuildConfiguration;
			buildSettings = {
				PRODUCT_NAME = "$(TARGET_NAME)";
			};
			name = Release;
		};
/* End XCBuildConfiguration section */

/* Begin XCConfigurationList section */
		246DD1CF1DAEB49C00FA9198 /* Build configuration list for PBXProject "FaRSA" */ = {
			isa = XCConfigurationList;
			buildConfigurations = (
				246DD1D91DAEB49C00FA9198 /* Debug */,
				246DD1DA1DAEB49C00FA9198 /* Release */,
			);
			defaultConfigurationIsVisible = 0;
			defaultConfigurationName = Release;
		};
		246DD1DB1DAEB49C00FA9198 /* Build configuration list for PBXNativeTarget "FaRSA" */ = {
			isa = XCConfigurationList;
			buildConfigurations = (
				246DD1DC1DAEB49C00FA9198 /* Debug */,
				246DD1DD1DAEB49C00FA9198 /* Release */,
			);
			defaultConfigurationIsVisible = 0;
		};
/* End XCConfigurationList section */
	};
	rootObject = 246DD1CC1DAEB49C00FA9198 /* Project object */;
}
